
Microsoft Visual Studio Solution File, Format Version 12.00
# Visual Studio Version 17
VisualStudioVersion = 17.9.34728.123
MinimumVisualStudioVersion = 10.0.40219.1
Project("{9A19103F-16F7-4668-BE54-9A1E7A4F7556}") = "telerik-reporting-demo", "telerik-reporting-demo.csproj", "{34AE2C01-E652-430C-B6EF-1A141A992727}"
EndProject
Global
	GlobalSection(SolutionConfigurationPlatforms) = preSolution
		Debug|Any CPU = Debug|Any CPU
		Release|Any CPU = Release|Any CPU
	EndGlobalSection
	GlobalSection(ProjectConfigurationPlatforms) = postSolution
		{34AE2C01-E652-430C-B6EF-1A141A992727}.Debug|Any CPU.ActiveCfg = Debug|Any CPU
		{34AE2C01-E652-430C-B6EF-1A141A992727}.Debug|Any CPU.Build.0 = Debug|Any CPU
		{34AE2C01-E652-430C-B6EF-1A141A992727}.Release|Any CPU.ActiveCfg = Release|Any CPU
		{34AE2C01-E652-430C-B6EF-1A141A992727}.Release|Any CPU.Build.0 = Release|Any CPU
	EndGlobalSection
	GlobalSection(SolutionProperties) = preSolution
		HideSolutionNode = FALSE
	EndGlobalSection
	GlobalSection(ExtensibilityGlobals) = postSolution
		SolutionGuid = {78CF1125-CA34-4DCF-87EF-11D422955D40}
	EndGlobalSection
EndGlobal
